// !$*UTF8*$!
{
	archiveVersion = 1;
	classes = {
	};
	objectVersion = 48;
	objects = {

/* Begin PBXBuildFile section */
		8DF1DCC9D1D7A4D8D4EDD6BC /* Pods_Obedar.framework in Frameworks */ = {isa = PBXBuildFile; fileRef = D6403BF6E5F8E0603233E493 /* Pods_Obedar.framework */; };
		DF168CD52062D81600CA1BCC /* AppDelegate.swift in Sources */ = {isa = PBXBuildFile; fileRef = DF168CD42062D81600CA1BCC /* AppDelegate.swift */; };
		DF168CDA2062D81600CA1BCC /* Main.storyboard in Resources */ = {isa = PBXBuildFile; fileRef = DF168CD82062D81600CA1BCC /* Main.storyboard */; };
		DF168CDC2062D81600CA1BCC /* Assets.xcassets in Resources */ = {isa = PBXBuildFile; fileRef = DF168CDB2062D81600CA1BCC /* Assets.xcassets */; };
		DF168CDF2062D81600CA1BCC /* LaunchScreen.storyboard in Resources */ = {isa = PBXBuildFile; fileRef = DF168CDD2062D81600CA1BCC /* LaunchScreen.storyboard */; };
		DF168CEB2062DA4600CA1BCC /* RestaurantsViewController.swift in Sources */ = {isa = PBXBuildFile; fileRef = DF168CEA2062DA4600CA1BCC /* RestaurantsViewController.swift */; };
		DF168CED2062DA6600CA1BCC /* RestaurantsViewModel.swift in Sources */ = {isa = PBXBuildFile; fileRef = DF168CEC2062DA6600CA1BCC /* RestaurantsViewModel.swift */; };
		DF168CF02062DB3200CA1BCC /* RestaurantTO.swift in Sources */ = {isa = PBXBuildFile; fileRef = DF168CEF2062DB3200CA1BCC /* RestaurantTO.swift */; };
		DF168CF22062DC0B00CA1BCC /* SoupTO.swift in Sources */ = {isa = PBXBuildFile; fileRef = DF168CF12062DC0B00CA1BCC /* SoupTO.swift */; };
		DF168CF42062DC5B00CA1BCC /* MealTO.swift in Sources */ = {isa = PBXBuildFile; fileRef = DF168CF32062DC5B00CA1BCC /* MealTO.swift */; };
		DF168CF62062DC9800CA1BCC /* MenuTO.swift in Sources */ = {isa = PBXBuildFile; fileRef = DF168CF52062DC9800CA1BCC /* MenuTO.swift */; };
		DF9523462062DDF800685442 /* Networking.swift in Sources */ = {isa = PBXBuildFile; fileRef = DF9523452062DDF800685442 /* Networking.swift */; };
		DFEA81E32063A20900614DA9 /* RestaurantCell.xib in Resources */ = {isa = PBXBuildFile; fileRef = DFEA81E22063A20900614DA9 /* RestaurantCell.xib */; };
		DFEA81E52063A23200614DA9 /* RestaurantCell.swift in Sources */ = {isa = PBXBuildFile; fileRef = DFEA81E42063A23200614DA9 /* RestaurantCell.swift */; };
		DFEA81E92063A51C00614DA9 /* Localizable.strings in Resources */ = {isa = PBXBuildFile; fileRef = DFEA81EB2063A51C00614DA9 /* Localizable.strings */; };
		DFEA81EE2063A5D800614DA9 /* Extensions.swift in Sources */ = {isa = PBXBuildFile; fileRef = DFEA81ED2063A5D800614DA9 /* Extensions.swift */; };
		DFEA81F02063B16F00614DA9 /* RestaurantDetailViewController.swift in Sources */ = {isa = PBXBuildFile; fileRef = DFEA81EF2063B16F00614DA9 /* RestaurantDetailViewController.swift */; };
		DFEA81F22063B19400614DA9 /* RestaurantDetailViewModel.swift in Sources */ = {isa = PBXBuildFile; fileRef = DFEA81F12063B19400614DA9 /* RestaurantDetailViewModel.swift */; };
/* End PBXBuildFile section */

/* Begin PBXFileReference section */
		A1CB476EB7E8660EE32B77CE /* Pods-Obedar.debug.xcconfig */ = {isa = PBXFileReference; includeInIndex = 1; lastKnownFileType = text.xcconfig; name = "Pods-Obedar.debug.xcconfig"; path = "Pods/Target Support Files/Pods-Obedar/Pods-Obedar.debug.xcconfig"; sourceTree = "<group>"; };
		ABF7DDE5A5A92261C59F1154 /* Pods-Obedar.release.xcconfig */ = {isa = PBXFileReference; includeInIndex = 1; lastKnownFileType = text.xcconfig; name = "Pods-Obedar.release.xcconfig"; path = "Pods/Target Support Files/Pods-Obedar/Pods-Obedar.release.xcconfig"; sourceTree = "<group>"; };
		D6403BF6E5F8E0603233E493 /* Pods_Obedar.framework */ = {isa = PBXFileReference; explicitFileType = wrapper.framework; includeInIndex = 0; path = Pods_Obedar.framework; sourceTree = BUILT_PRODUCTS_DIR; };
		DF168CD12062D81600CA1BCC /* Obedar.app */ = {isa = PBXFileReference; explicitFileType = wrapper.application; includeInIndex = 0; path = Obedar.app; sourceTree = BUILT_PRODUCTS_DIR; };
		DF168CD42062D81600CA1BCC /* AppDelegate.swift */ = {isa = PBXFileReference; lastKnownFileType = sourcecode.swift; path = AppDelegate.swift; sourceTree = "<group>"; };
		DF168CD92062D81600CA1BCC /* Base */ = {isa = PBXFileReference; lastKnownFileType = file.storyboard; name = Base; path = Base.lproj/Main.storyboard; sourceTree = "<group>"; };
		DF168CDB2062D81600CA1BCC /* Assets.xcassets */ = {isa = PBXFileReference; lastKnownFileType = folder.assetcatalog; path = Assets.xcassets; sourceTree = "<group>"; };
		DF168CDE2062D81600CA1BCC /* Base */ = {isa = PBXFileReference; lastKnownFileType = file.storyboard; name = Base; path = Base.lproj/LaunchScreen.storyboard; sourceTree = "<group>"; };
		DF168CE02062D81600CA1BCC /* Info.plist */ = {isa = PBXFileReference; lastKnownFileType = text.plist.xml; path = Info.plist; sourceTree = "<group>"; };
		DF168CEA2062DA4600CA1BCC /* RestaurantsViewController.swift */ = {isa = PBXFileReference; lastKnownFileType = sourcecode.swift; name = RestaurantsViewController.swift; path = Obedar/ViewControllers/RestaurantsViewController.swift; sourceTree = SOURCE_ROOT; };
		DF168CEC2062DA6600CA1BCC /* RestaurantsViewModel.swift */ = {isa = PBXFileReference; lastKnownFileType = sourcecode.swift; path = RestaurantsViewModel.swift; sourceTree = "<group>"; };
		DF168CEF2062DB3200CA1BCC /* RestaurantTO.swift */ = {isa = PBXFileReference; lastKnownFileType = sourcecode.swift; path = RestaurantTO.swift; sourceTree = "<group>"; };
		DF168CF12062DC0B00CA1BCC /* SoupTO.swift */ = {isa = PBXFileReference; lastKnownFileType = sourcecode.swift; path = SoupTO.swift; sourceTree = "<group>"; };
		DF168CF32062DC5B00CA1BCC /* MealTO.swift */ = {isa = PBXFileReference; lastKnownFileType = sourcecode.swift; path = MealTO.swift; sourceTree = "<group>"; };
		DF168CF52062DC9800CA1BCC /* MenuTO.swift */ = {isa = PBXFileReference; lastKnownFileType = sourcecode.swift; path = MenuTO.swift; sourceTree = "<group>"; };
		DF9523452062DDF800685442 /* Networking.swift */ = {isa = PBXFileReference; lastKnownFileType = sourcecode.swift; path = Networking.swift; sourceTree = "<group>"; };
		DFEA81E22063A20900614DA9 /* RestaurantCell.xib */ = {isa = PBXFileReference; lastKnownFileType = file.xib; name = RestaurantCell.xib; path = ../XIBs/RestaurantCell.xib; sourceTree = "<group>"; };
		DFEA81E42063A23200614DA9 /* RestaurantCell.swift */ = {isa = PBXFileReference; lastKnownFileType = sourcecode.swift; name = RestaurantCell.swift; path = ../XIBs/RestaurantCell.swift; sourceTree = "<group>"; };
		DFEA81EA2063A51C00614DA9 /* en */ = {isa = PBXFileReference; lastKnownFileType = text.plist.strings; name = en; path = en.lproj/Localizable.strings; sourceTree = "<group>"; };
		DFEA81EC2063A54300614DA9 /* cs */ = {isa = PBXFileReference; lastKnownFileType = text.plist.strings; name = cs; path = cs.lproj/Localizable.strings; sourceTree = "<group>"; };
		DFEA81ED2063A5D800614DA9 /* Extensions.swift */ = {isa = PBXFileReference; lastKnownFileType = sourcecode.swift; path = Extensions.swift; sourceTree = "<group>"; };
		DFEA81EF2063B16F00614DA9 /* RestaurantDetailViewController.swift */ = {isa = PBXFileReference; lastKnownFileType = sourcecode.swift; path = RestaurantDetailViewController.swift; sourceTree = "<group>"; };
		DFEA81F12063B19400614DA9 /* RestaurantDetailViewModel.swift */ = {isa = PBXFileReference; lastKnownFileType = sourcecode.swift; name = RestaurantDetailViewModel.swift; path = Obedar/ViewModel/RestaurantDetailViewModel.swift; sourceTree = SOURCE_ROOT; };
/* End PBXFileReference section */

/* Begin PBXFrameworksBuildPhase section */
		DF168CCE2062D81600CA1BCC /* Frameworks */ = {
			isa = PBXFrameworksBuildPhase;
			buildActionMask = 2147483647;
			files = (
				8DF1DCC9D1D7A4D8D4EDD6BC /* Pods_Obedar.framework in Frameworks */,
			);
			runOnlyForDeploymentPostprocessing = 0;
		};
/* End PBXFrameworksBuildPhase section */

/* Begin PBXGroup section */
		0324FB02EFBBC097D9CADBB6 /* Pods */ = {
			isa = PBXGroup;
			children = (
				A1CB476EB7E8660EE32B77CE /* Pods-Obedar.debug.xcconfig */,
				ABF7DDE5A5A92261C59F1154 /* Pods-Obedar.release.xcconfig */,
			);
			name = Pods;
			sourceTree = "<group>";
		};
		B8DD1C2685E62D298F4DD8D9 /* Frameworks */ = {
			isa = PBXGroup;
			children = (
				D6403BF6E5F8E0603233E493 /* Pods_Obedar.framework */,
			);
			name = Frameworks;
			sourceTree = "<group>";
		};
		DF168CC82062D81600CA1BCC = {
			isa = PBXGroup;
			children = (
				DF168CD32062D81600CA1BCC /* Obedar */,
				DF168CD22062D81600CA1BCC /* Products */,
				0324FB02EFBBC097D9CADBB6 /* Pods */,
				B8DD1C2685E62D298F4DD8D9 /* Frameworks */,
			);
			sourceTree = "<group>";
		};
		DF168CD22062D81600CA1BCC /* Products */ = {
			isa = PBXGroup;
			children = (
				DF168CD12062D81600CA1BCC /* Obedar.app */,
			);
			name = Products;
			sourceTree = "<group>";
		};
		DF168CD32062D81600CA1BCC /* Obedar */ = {
			isa = PBXGroup;
			children = (
				DFEA81E62063A23D00614DA9 /* XIBs */,
				DF9523442062DDDB00685442 /* Networking */,
				DF168CEE2062DB1400CA1BCC /* TOs */,
				DF168CE02062D81600CA1BCC /* Info.plist */,
				DF168CE92062DA1B00CA1BCC /* ViewModel */,
				DF168CE82062DA0100CA1BCC /* ViewControllers */,
				DF168CE62062D9E200CA1BCC /* Supporting files */,
				DF168CE72062D9F500CA1BCC /* Storyboard */,
			);
			path = Obedar;
			sourceTree = "<group>";
		};
		DF168CE62062D9E200CA1BCC /* Supporting files */ = {
			isa = PBXGroup;
			children = (
				DF168CD42062D81600CA1BCC /* AppDelegate.swift */,
				DF168CDB2062D81600CA1BCC /* Assets.xcassets */,
				DFEA81EB2063A51C00614DA9 /* Localizable.strings */,
				DFEA81ED2063A5D800614DA9 /* Extensions.swift */,
			);
			path = "Supporting files";
			sourceTree = "<group>";
		};
		DF168CE72062D9F500CA1BCC /* Storyboard */ = {
			isa = PBXGroup;
			children = (
				DF168CD82062D81600CA1BCC /* Main.storyboard */,
				DF168CDD2062D81600CA1BCC /* LaunchScreen.storyboard */,
			);
			path = Storyboard;
			sourceTree = "<group>";
		};
		DF168CE82062DA0100CA1BCC /* ViewControllers */ = {
			isa = PBXGroup;
			children = (
				DFEA81EF2063B16F00614DA9 /* RestaurantDetailViewController.swift */,
				DFEA81F12063B19400614DA9 /* RestaurantDetailViewModel.swift */,
				DF168CEA2062DA4600CA1BCC /* RestaurantsViewController.swift */,
			);
			path = ViewControllers;
			sourceTree = "<group>";
		};
		DF168CE92062DA1B00CA1BCC /* ViewModel */ = {
			isa = PBXGroup;
			children = (
				DF168CEC2062DA6600CA1BCC /* RestaurantsViewModel.swift */,
			);
			path = ViewModel;
			sourceTree = "<group>";
		};
		DF168CEE2062DB1400CA1BCC /* TOs */ = {
			isa = PBXGroup;
			children = (
				DF168CEF2062DB3200CA1BCC /* RestaurantTO.swift */,
				DF168CF12062DC0B00CA1BCC /* SoupTO.swift */,
				DF168CF32062DC5B00CA1BCC /* MealTO.swift */,
				DF168CF52062DC9800CA1BCC /* MenuTO.swift */,
			);
			path = TOs;
			sourceTree = "<group>";
		};
		DF9523442062DDDB00685442 /* Networking */ = {
			isa = PBXGroup;
			children = (
				DF9523452062DDF800685442 /* Networking.swift */,
			);
			path = Networking;
			sourceTree = "<group>";
		};
		DFEA81E62063A23D00614DA9 /* XIBs */ = {
			isa = PBXGroup;
			children = (
				DFEA81E22063A20900614DA9 /* RestaurantCell.xib */,
				DFEA81E42063A23200614DA9 /* RestaurantCell.swift */,
			);
			name = XIBs;
			path = "New Group";
			sourceTree = "<group>";
		};
/* End PBXGroup section */

/* Begin PBXNativeTarget section */
		DF168CD02062D81600CA1BCC /* Obedar */ = {
			isa = PBXNativeTarget;
			buildConfigurationList = DF168CE32062D81600CA1BCC /* Build configuration list for PBXNativeTarget "Obedar" */;
			buildPhases = (
				6F957E22CC719A459137F730 /* [CP] Check Pods Manifest.lock */,
				DF168CCD2062D81600CA1BCC /* Sources */,
				DF168CCE2062D81600CA1BCC /* Frameworks */,
				DF168CCF2062D81600CA1BCC /* Resources */,
				EB22EF534E56A2A7E32EAF6F /* [CP] Embed Pods Frameworks */,
				3F2688B0D59E3F05EE2CF208 /* [CP] Copy Pods Resources */,
			);
			buildRules = (
			);
			dependencies = (
			);
			name = Obedar;
			productName = Obedar;
			productReference = DF168CD12062D81600CA1BCC /* Obedar.app */;
			productType = "com.apple.product-type.application";
		};
/* End PBXNativeTarget section */

/* Begin PBXProject section */
		DF168CC92062D81600CA1BCC /* Project object */ = {
			isa = PBXProject;
			attributes = {
				LastSwiftUpdateCheck = 0920;
				LastUpgradeCheck = 0920;
				ORGANIZATIONNAME = "Marek Pridal";
				TargetAttributes = {
					DF168CD02062D81600CA1BCC = {
						CreatedOnToolsVersion = 9.2;
						ProvisioningStyle = Automatic;
					};
				};
			};
			buildConfigurationList = DF168CCC2062D81600CA1BCC /* Build configuration list for PBXProject "Obedar" */;
			compatibilityVersion = "Xcode 8.0";
			developmentRegion = en;
			hasScannedForEncodings = 0;
			knownRegions = (
				en,
				Base,
				cs,
			);
			mainGroup = DF168CC82062D81600CA1BCC;
			productRefGroup = DF168CD22062D81600CA1BCC /* Products */;
			projectDirPath = "";
			projectRoot = "";
			targets = (
				DF168CD02062D81600CA1BCC /* Obedar */,
			);
		};
/* End PBXProject section */

/* Begin PBXResourcesBuildPhase section */
		DF168CCF2062D81600CA1BCC /* Resources */ = {
			isa = PBXResourcesBuildPhase;
			buildActionMask = 2147483647;
			files = (
				DFEA81E92063A51C00614DA9 /* Localizable.strings in Resources */,
				DFEA81E32063A20900614DA9 /* RestaurantCell.xib in Resources */,
				DF168CDF2062D81600CA1BCC /* LaunchScreen.storyboard in Resources */,
				DF168CDC2062D81600CA1BCC /* Assets.xcassets in Resources */,
				DF168CDA2062D81600CA1BCC /* Main.storyboard in Resources */,
			);
			runOnlyForDeploymentPostprocessing = 0;
		};
/* End PBXResourcesBuildPhase section */

/* Begin PBXShellScriptBuildPhase section */
		3F2688B0D59E3F05EE2CF208 /* [CP] Copy Pods Resources */ = {
			isa = PBXShellScriptBuildPhase;
			buildActionMask = 2147483647;
			files = (
			);
			inputPaths = (
			);
			name = "[CP] Copy Pods Resources";
			outputPaths = (
			);
			runOnlyForDeploymentPostprocessing = 0;
			shellPath = /bin/sh;
			shellScript = "\"${SRCROOT}/Pods/Target Support Files/Pods-Obedar/Pods-Obedar-resources.sh\"\n";
			showEnvVarsInLog = 0;
		};
		6F957E22CC719A459137F730 /* [CP] Check Pods Manifest.lock */ = {
			isa = PBXShellScriptBuildPhase;
			buildActionMask = 2147483647;
			files = (
			);
			inputPaths = (
				"${PODS_PODFILE_DIR_PATH}/Podfile.lock",
				"${PODS_ROOT}/Manifest.lock",
			);
			name = "[CP] Check Pods Manifest.lock";
			outputPaths = (
				"$(DERIVED_FILE_DIR)/Pods-Obedar-checkManifestLockResult.txt",
			);
			runOnlyForDeploymentPostprocessing = 0;
			shellPath = /bin/sh;
			shellScript = "diff \"${PODS_PODFILE_DIR_PATH}/Podfile.lock\" \"${PODS_ROOT}/Manifest.lock\" > /dev/null\nif [ $? != 0 ] ; then\n    # print error to STDERR\n    echo \"error: The sandbox is not in sync with the Podfile.lock. Run 'pod install' or update your CocoaPods installation.\" >&2\n    exit 1\nfi\n# This output is used by Xcode 'outputs' to avoid re-running this script phase.\necho \"SUCCESS\" > \"${SCRIPT_OUTPUT_FILE_0}\"\n";
			showEnvVarsInLog = 0;
		};
		EB22EF534E56A2A7E32EAF6F /* [CP] Embed Pods Frameworks */ = {
			isa = PBXShellScriptBuildPhase;
			buildActionMask = 2147483647;
			files = (
			);
			inputPaths = (
				"${SRCROOT}/Pods/Target Support Files/Pods-Obedar/Pods-Obedar-frameworks.sh",
				"${BUILT_PRODUCTS_DIR}/Reusable/Reusable.framework",
				"${BUILT_PRODUCTS_DIR}/RxCocoa/RxCocoa.framework",
				"${BUILT_PRODUCTS_DIR}/RxSwift/RxSwift.framework",
				"${BUILT_PRODUCTS_DIR}/SwiftyJSON/SwiftyJSON.framework",
			);
			name = "[CP] Embed Pods Frameworks";
			outputPaths = (
				"${TARGET_BUILD_DIR}/${FRAMEWORKS_FOLDER_PATH}/Reusable.framework",
				"${TARGET_BUILD_DIR}/${FRAMEWORKS_FOLDER_PATH}/RxCocoa.framework",
				"${TARGET_BUILD_DIR}/${FRAMEWORKS_FOLDER_PATH}/RxSwift.framework",
				"${TARGET_BUILD_DIR}/${FRAMEWORKS_FOLDER_PATH}/SwiftyJSON.framework",
			);
			runOnlyForDeploymentPostprocessing = 0;
			shellPath = /bin/sh;
			shellScript = "\"${SRCROOT}/Pods/Target Support Files/Pods-Obedar/Pods-Obedar-frameworks.sh\"\n";
			showEnvVarsInLog = 0;
		};
/* End PBXShellScriptBuildPhase section */

/* Begin PBXSourcesBuildPhase section */
		DF168CCD2062D81600CA1BCC /* Sources */ = {
			isa = PBXSourcesBuildPhase;
			buildActionMask = 2147483647;
			files = (
				DFEA81E52063A23200614DA9 /* RestaurantCell.swift in Sources */,
				DFEA81F22063B19400614DA9 /* RestaurantDetailViewModel.swift in Sources */,
				DF168CD52062D81600CA1BCC /* AppDelegate.swift in Sources */,
				DF168CF02062DB3200CA1BCC /* RestaurantTO.swift in Sources */,
				DF168CED2062DA6600CA1BCC /* RestaurantsViewModel.swift in Sources */,
				DF9523462062DDF800685442 /* Networking.swift in Sources */,
				DFEA81EE2063A5D800614DA9 /* Extensions.swift in Sources */,
				DFEA81F02063B16F00614DA9 /* RestaurantDetailViewController.swift in Sources */,
				DF168CF42062DC5B00CA1BCC /* MealTO.swift in Sources */,
				DF168CEB2062DA4600CA1BCC /* RestaurantsViewController.swift in Sources */,
				DF168CF22062DC0B00CA1BCC /* SoupTO.swift in Sources */,
				DF168CF62062DC9800CA1BCC /* MenuTO.swift in Sources */,
			);
			runOnlyForDeploymentPostprocessing = 0;
		};
/* End PBXSourcesBuildPhase section */

/* Begin PBXVariantGroup section */
		DF168CD82062D81600CA1BCC /* Main.storyboard */ = {
			isa = PBXVariantGroup;
			children = (
				DF168CD92062D81600CA1BCC /* Base */,
			);
			name = Main.storyboard;
			sourceTree = "<group>";
		};
		DF168CDD2062D81600CA1BCC /* LaunchScreen.storyboard */ = {
			isa = PBXVariantGroup;
			children = (
				DF168CDE2062D81600CA1BCC /* Base */,
			);
			name = LaunchScreen.storyboard;
			sourceTree = "<group>";
		};
		DFEA81EB2063A51C00614DA9 /* Localizable.strings */ = {
			isa = PBXVariantGroup;
			children = (
				DFEA81EA2063A51C00614DA9 /* en */,
				DFEA81EC2063A54300614DA9 /* cs */,
			);
			name = Localizable.strings;
			sourceTree = "<group>";
		};
/* End PBXVariantGroup section */

/* Begin XCBuildConfiguration section */
		DF168CE12062D81600CA1BCC /* Debug */ = {
			isa = XCBuildConfiguration;
			buildSettings = {
				ALWAYS_SEARCH_USER_PATHS = NO;
				CLANG_ANALYZER_LOCALIZABILITY_NONLOCALIZED = YES;
				CLANG_ANALYZER_NONNULL = YES;
				CLANG_ANALYZER_NUMBER_OBJECT_CONVERSION = YES_AGGRESSIVE;
				CLANG_CXX_LANGUAGE_STANDARD = "gnu++14";
				CLANG_CXX_LIBRARY = "libc++";
				CLANG_ENABLE_MODULES = YES;
				CLANG_ENABLE_OBJC_ARC = YES;
				CLANG_WARN_BLOCK_CAPTURE_AUTORELEASING = YES;
				CLANG_WARN_BOOL_CONVERSION = YES;
				CLANG_WARN_COMMA = YES;
				CLANG_WARN_CONSTANT_CONVERSION = YES;
				CLANG_WARN_DIRECT_OBJC_ISA_USAGE = YES_ERROR;
				CLANG_WARN_DOCUMENTATION_COMMENTS = YES;
				CLANG_WARN_EMPTY_BODY = YES;
				CLANG_WARN_ENUM_CONVERSION = YES;
				CLANG_WARN_INFINITE_RECURSION = YES;
				CLANG_WARN_INT_CONVERSION = YES;
				CLANG_WARN_NON_LITERAL_NULL_CONVERSION = YES;
				CLANG_WARN_OBJC_LITERAL_CONVERSION = YES;
				CLANG_WARN_OBJC_ROOT_CLASS = YES_ERROR;
				CLANG_WARN_RANGE_LOOP_ANALYSIS = YES;
				CLANG_WARN_STRICT_PROTOTYPES = YES;
				CLANG_WARN_SUSPICIOUS_MOVE = YES;
				CLANG_WARN_UNGUARDED_AVAILABILITY = YES_AGGRESSIVE;
				CLANG_WARN_UNREACHABLE_CODE = YES;
				CLANG_WARN__DUPLICATE_METHOD_MATCH = YES;
				CODE_SIGN_IDENTITY = "iPhone Developer";
				COPY_PHASE_STRIP = NO;
				DEBUG_INFORMATION_FORMAT = dwarf;
				ENABLE_STRICT_OBJC_MSGSEND = YES;
				ENABLE_TESTABILITY = YES;
				GCC_C_LANGUAGE_STANDARD = gnu11;
				GCC_DYNAMIC_NO_PIC = NO;
				GCC_NO_COMMON_BLOCKS = YES;
				GCC_OPTIMIZATION_LEVEL = 0;
				GCC_PREPROCESSOR_DEFINITIONS = (
					"DEBUG=1",
					"$(inherited)",
				);
				GCC_WARN_64_TO_32_BIT_CONVERSION = YES;
				GCC_WARN_ABOUT_RETURN_TYPE = YES_ERROR;
				GCC_WARN_UNDECLARED_SELECTOR = YES;
				GCC_WARN_UNINITIALIZED_AUTOS = YES_AGGRESSIVE;
				GCC_WARN_UNUSED_FUNCTION = YES;
				GCC_WARN_UNUSED_VARIABLE = YES;
				IPHONEOS_DEPLOYMENT_TARGET = 11.2;
				MTL_ENABLE_DEBUG_INFO = YES;
				ONLY_ACTIVE_ARCH = YES;
				SDKROOT = iphoneos;
				SWIFT_ACTIVE_COMPILATION_CONDITIONS = DEBUG;
				SWIFT_OPTIMIZATION_LEVEL = "-Onone";
			};
			name = Debug;
		};
		DF168CE22062D81600CA1BCC /* Release */ = {
			isa = XCBuildConfiguration;
			buildSettings = {
				ALWAYS_SEARCH_USER_PATHS = NO;
				CLANG_ANALYZER_LOCALIZABILITY_NONLOCALIZED = YES;
				CLANG_ANALYZER_NONNULL = YES;
				CLANG_ANALYZER_NUMBER_OBJECT_CONVERSION = YES_AGGRESSIVE;
				CLANG_CXX_LANGUAGE_STANDARD = "gnu++14";
				CLANG_CXX_LIBRARY = "libc++";
				CLANG_ENABLE_MODULES = YES;
				CLANG_ENABLE_OBJC_ARC = YES;
				CLANG_WARN_BLOCK_CAPTURE_AUTORELEASING = YES;
				CLANG_WARN_BOOL_CONVERSION = YES;
				CLANG_WARN_COMMA = YES;
				CLANG_WARN_CONSTANT_CONVERSION = YES;
				CLANG_WARN_DIRECT_OBJC_ISA_USAGE = YES_ERROR;
				CLANG_WARN_DOCUMENTATION_COMMENTS = YES;
				CLANG_WARN_EMPTY_BODY = YES;
				CLANG_WARN_ENUM_CONVERSION = YES;
				CLANG_WARN_INFINITE_RECURSION = YES;
				CLANG_WARN_INT_CONVERSION = YES;
				CLANG_WARN_NON_LITERAL_NULL_CONVERSION = YES;
				CLANG_WARN_OBJC_LITERAL_CONVERSION = YES;
				CLANG_WARN_OBJC_ROOT_CLASS = YES_ERROR;
				CLANG_WARN_RANGE_LOOP_ANALYSIS = YES;
				CLANG_WARN_STRICT_PROTOTYPES = YES;
				CLANG_WARN_SUSPICIOUS_MOVE = YES;
				CLANG_WARN_UNGUARDED_AVAILABILITY = YES_AGGRESSIVE;
				CLANG_WARN_UNREACHABLE_CODE = YES;
				CLANG_WARN__DUPLICATE_METHOD_MATCH = YES;
				CODE_SIGN_IDENTITY = "iPhone Developer";
				COPY_PHASE_STRIP = NO;
				DEBUG_INFORMATION_FORMAT = "dwarf-with-dsym";
				ENABLE_NS_ASSERTIONS = NO;
				ENABLE_STRICT_OBJC_MSGSEND = YES;
				GCC_C_LANGUAGE_STANDARD = gnu11;
				GCC_NO_COMMON_BLOCKS = YES;
				GCC_WARN_64_TO_32_BIT_CONVERSION = YES;
				GCC_WARN_ABOUT_RETURN_TYPE = YES_ERROR;
				GCC_WARN_UNDECLARED_SELECTOR = YES;
				GCC_WARN_UNINITIALIZED_AUTOS = YES_AGGRESSIVE;
				GCC_WARN_UNUSED_FUNCTION = YES;
				GCC_WARN_UNUSED_VARIABLE = YES;
				IPHONEOS_DEPLOYMENT_TARGET = 11.2;
				MTL_ENABLE_DEBUG_INFO = NO;
				SDKROOT = iphoneos;
				SWIFT_OPTIMIZATION_LEVEL = "-Owholemodule";
				VALIDATE_PRODUCT = YES;
			};
			name = Release;
		};
		DF168CE42062D81600CA1BCC /* Debug */ = {
			isa = XCBuildConfiguration;
			baseConfigurationReference = A1CB476EB7E8660EE32B77CE /* Pods-Obedar.debug.xcconfig */;
			buildSettings = {
				ASSETCATALOG_COMPILER_APPICON_NAME = AppIcon;
				CODE_SIGN_STYLE = Automatic;
				DEVELOPMENT_TEAM = JV7TARSQ32;
				INFOPLIST_FILE = Obedar/Info.plist;
				IPHONEOS_DEPLOYMENT_TARGET = 10.0;
				LD_RUNPATH_SEARCH_PATHS = "$(inherited) @executable_path/Frameworks";
				PRODUCT_BUNDLE_IDENTIFIER = com.marekpridal.Obedar;
				PRODUCT_NAME = "$(TARGET_NAME)";
				SWIFT_VERSION = 4.0;
				TARGETED_DEVICE_FAMILY = "1,2";
			};
			name = Debug;
		};
		DF168CE52062D81600CA1BCC /* Release */ = {
			isa = XCBuildConfiguration;
			baseConfigurationReference = ABF7DDE5A5A92261C59F1154 /* Pods-Obedar.release.xcconfig */;
			buildSettings = {
				ASSETCATALOG_COMPILER_APPICON_NAME = AppIcon;
				CODE_SIGN_STYLE = Automatic;
				DEVELOPMENT_TEAM = JV7TARSQ32;
				INFOPLIST_FILE = Obedar/Info.plist;
				IPHONEOS_DEPLOYMENT_TARGET = 10.0;
				LD_RUNPATH_SEARCH_PATHS = "$(inherited) @executable_path/Frameworks";
				PRODUCT_BUNDLE_IDENTIFIER = com.marekpridal.Obedar;
				PRODUCT_NAME = "$(TARGET_NAME)";
				SWIFT_VERSION = 4.0;
				TARGETED_DEVICE_FAMILY = "1,2";
			};
			name = Release;
		};
/* End XCBuildConfiguration section */

/* Begin XCConfigurationList section */
		DF168CCC2062D81600CA1BCC /* Build configuration list for PBXProject "Obedar" */ = {
			isa = XCConfigurationList;
			buildConfigurations = (
				DF168CE12062D81600CA1BCC /* Debug */,
				DF168CE22062D81600CA1BCC /* Release */,
			);
			defaultConfigurationIsVisible = 0;
			defaultConfigurationName = Release;
		};
		DF168CE32062D81600CA1BCC /* Build configuration list for PBXNativeTarget "Obedar" */ = {
			isa = XCConfigurationList;
			buildConfigurations = (
				DF168CE42062D81600CA1BCC /* Debug */,
				DF168CE52062D81600CA1BCC /* Release */,
			);
			defaultConfigurationIsVisible = 0;
			defaultConfigurationName = Release;
		};
/* End XCConfigurationList section */
	};
	rootObject = DF168CC92062D81600CA1BCC /* Project object */;
}
