// !$*UTF8*$!
{
	archiveVersion = 1;
	classes = {
	};
	objectVersion = 52;
	objects = {

/* Begin PBXBuildFile section */
		DF38829822ABDB5D00119CC2 /* RootView.swift in Sources */ = {isa = PBXBuildFile; fileRef = DF38829722ABDB5D00119CC2 /* RootView.swift */; };
		DF38829A22ABDBC800119CC2 /* RestaurantDetailView.swift in Sources */ = {isa = PBXBuildFile; fileRef = DF38829922ABDBC800119CC2 /* RestaurantDetailView.swift */; };
		DF38829C22ABDF3600119CC2 /* RestaurantRow.swift in Sources */ = {isa = PBXBuildFile; fileRef = DF38829B22ABDF3600119CC2 /* RestaurantRow.swift */; };
		DF77A32A22ABD09D0051B05C /* AppDelegate.swift in Sources */ = {isa = PBXBuildFile; fileRef = DF77A32922ABD09D0051B05C /* AppDelegate.swift */; };
		DF77A32C22ABD09D0051B05C /* SceneDelegate.swift in Sources */ = {isa = PBXBuildFile; fileRef = DF77A32B22ABD09D0051B05C /* SceneDelegate.swift */; };
		DF77A33022ABD09E0051B05C /* Assets.xcassets in Resources */ = {isa = PBXBuildFile; fileRef = DF77A32F22ABD09E0051B05C /* Assets.xcassets */; };
		DF77A33322ABD09E0051B05C /* Preview Assets.xcassets in Resources */ = {isa = PBXBuildFile; fileRef = DF77A33222ABD09E0051B05C /* Preview Assets.xcassets */; };
		DF77A33622ABD09E0051B05C /* LaunchScreen.storyboard in Resources */ = {isa = PBXBuildFile; fileRef = DF77A33422ABD09E0051B05C /* LaunchScreen.storyboard */; };
		DFD1564422ABD12900281A8A /* SwiftyJSON in Frameworks */ = {isa = PBXBuildFile; productRef = DFD1564322ABD12900281A8A /* SwiftyJSON */; };
		DFD1564622ABD14C00281A8A /* RestaurantsView.swift in Sources */ = {isa = PBXBuildFile; fileRef = DFD1564522ABD14C00281A8A /* RestaurantsView.swift */; };
		DFD1564B22ABD18600281A8A /* RestaurantsViewModel.swift in Sources */ = {isa = PBXBuildFile; fileRef = DFD1564A22ABD18600281A8A /* RestaurantsViewModel.swift */; };
		DFD1564F22ABD1A800281A8A /* Networking.swift in Sources */ = {isa = PBXBuildFile; fileRef = DFD1564E22ABD1A800281A8A /* Networking.swift */; };
		DFD1565222ABD1BE00281A8A /* Constants.swift in Sources */ = {isa = PBXBuildFile; fileRef = DFD1565022ABD1BD00281A8A /* Constants.swift */; };
		DFD1565322ABD1BE00281A8A /* Extensions.swift in Sources */ = {isa = PBXBuildFile; fileRef = DFD1565122ABD1BD00281A8A /* Extensions.swift */; };
		DFD1565822ABD1C700281A8A /* SoupTO.swift in Sources */ = {isa = PBXBuildFile; fileRef = DFD1565422ABD1C600281A8A /* SoupTO.swift */; };
		DFD1565922ABD1C700281A8A /* MenuTO.swift in Sources */ = {isa = PBXBuildFile; fileRef = DFD1565522ABD1C600281A8A /* MenuTO.swift */; };
		DFD1565A22ABD1C700281A8A /* RestaurantTO.swift in Sources */ = {isa = PBXBuildFile; fileRef = DFD1565622ABD1C600281A8A /* RestaurantTO.swift */; };
		DFD1565B22ABD1C700281A8A /* MealTO.swift in Sources */ = {isa = PBXBuildFile; fileRef = DFD1565722ABD1C700281A8A /* MealTO.swift */; };
/* End PBXBuildFile section */

/* Begin PBXFileReference section */
		DF38829722ABDB5D00119CC2 /* RootView.swift */ = {isa = PBXFileReference; lastKnownFileType = sourcecode.swift; path = RootView.swift; sourceTree = "<group>"; };
		DF38829922ABDBC800119CC2 /* RestaurantDetailView.swift */ = {isa = PBXFileReference; lastKnownFileType = sourcecode.swift; path = RestaurantDetailView.swift; sourceTree = "<group>"; };
		DF38829B22ABDF3600119CC2 /* RestaurantRow.swift */ = {isa = PBXFileReference; lastKnownFileType = sourcecode.swift; path = RestaurantRow.swift; sourceTree = "<group>"; };
		DF77A32622ABD09D0051B05C /* Obedar.app */ = {isa = PBXFileReference; explicitFileType = wrapper.application; includeInIndex = 0; path = Obedar.app; sourceTree = BUILT_PRODUCTS_DIR; };
		DF77A32922ABD09D0051B05C /* AppDelegate.swift */ = {isa = PBXFileReference; lastKnownFileType = sourcecode.swift; path = AppDelegate.swift; sourceTree = "<group>"; };
		DF77A32B22ABD09D0051B05C /* SceneDelegate.swift */ = {isa = PBXFileReference; lastKnownFileType = sourcecode.swift; path = SceneDelegate.swift; sourceTree = "<group>"; };
		DF77A32F22ABD09E0051B05C /* Assets.xcassets */ = {isa = PBXFileReference; lastKnownFileType = folder.assetcatalog; path = Assets.xcassets; sourceTree = "<group>"; };
		DF77A33222ABD09E0051B05C /* Preview Assets.xcassets */ = {isa = PBXFileReference; lastKnownFileType = folder.assetcatalog; path = "Preview Assets.xcassets"; sourceTree = "<group>"; };
		DF77A33522ABD09E0051B05C /* Base */ = {isa = PBXFileReference; lastKnownFileType = file.storyboard; name = Base; path = Base.lproj/LaunchScreen.storyboard; sourceTree = "<group>"; };
		DF77A33722ABD09E0051B05C /* Info.plist */ = {isa = PBXFileReference; lastKnownFileType = text.plist.xml; path = Info.plist; sourceTree = "<group>"; };
		DFD1564522ABD14C00281A8A /* RestaurantsView.swift */ = {isa = PBXFileReference; fileEncoding = 4; lastKnownFileType = sourcecode.swift; path = RestaurantsView.swift; sourceTree = "<group>"; };
		DFD1564A22ABD18600281A8A /* RestaurantsViewModel.swift */ = {isa = PBXFileReference; fileEncoding = 4; lastKnownFileType = sourcecode.swift; path = RestaurantsViewModel.swift; sourceTree = "<group>"; };
		DFD1564E22ABD1A800281A8A /* Networking.swift */ = {isa = PBXFileReference; fileEncoding = 4; lastKnownFileType = sourcecode.swift; path = Networking.swift; sourceTree = "<group>"; };
		DFD1565022ABD1BD00281A8A /* Constants.swift */ = {isa = PBXFileReference; fileEncoding = 4; lastKnownFileType = sourcecode.swift; path = Constants.swift; sourceTree = "<group>"; };
		DFD1565122ABD1BD00281A8A /* Extensions.swift */ = {isa = PBXFileReference; fileEncoding = 4; lastKnownFileType = sourcecode.swift; path = Extensions.swift; sourceTree = "<group>"; };
		DFD1565422ABD1C600281A8A /* SoupTO.swift */ = {isa = PBXFileReference; fileEncoding = 4; lastKnownFileType = sourcecode.swift; path = SoupTO.swift; sourceTree = "<group>"; };
		DFD1565522ABD1C600281A8A /* MenuTO.swift */ = {isa = PBXFileReference; fileEncoding = 4; lastKnownFileType = sourcecode.swift; path = MenuTO.swift; sourceTree = "<group>"; };
		DFD1565622ABD1C600281A8A /* RestaurantTO.swift */ = {isa = PBXFileReference; fileEncoding = 4; lastKnownFileType = sourcecode.swift; path = RestaurantTO.swift; sourceTree = "<group>"; };
		DFD1565722ABD1C700281A8A /* MealTO.swift */ = {isa = PBXFileReference; fileEncoding = 4; lastKnownFileType = sourcecode.swift; path = MealTO.swift; sourceTree = "<group>"; };
/* End PBXFileReference section */

/* Begin PBXFrameworksBuildPhase section */
		DF77A32322ABD09D0051B05C /* Frameworks */ = {
			isa = PBXFrameworksBuildPhase;
			buildActionMask = 2147483647;
			files = (
				DFD1564422ABD12900281A8A /* SwiftyJSON in Frameworks */,
			);
			runOnlyForDeploymentPostprocessing = 0;
		};
/* End PBXFrameworksBuildPhase section */

/* Begin PBXGroup section */
		DF77A31D22ABD09D0051B05C = {
			isa = PBXGroup;
			children = (
				DF77A32822ABD09D0051B05C /* Obedar */,
				DF77A32722ABD09D0051B05C /* Products */,
			);
			sourceTree = "<group>";
		};
		DF77A32722ABD09D0051B05C /* Products */ = {
			isa = PBXGroup;
			children = (
				DF77A32622ABD09D0051B05C /* Obedar.app */,
			);
			name = Products;
			sourceTree = "<group>";
		};
		DF77A32822ABD09D0051B05C /* Obedar */ = {
			isa = PBXGroup;
			children = (
				DF77A33722ABD09E0051B05C /* Info.plist */,
				DFD1564D22ABD18F00281A8A /* Networking */,
				DFD1564C22ABD18A00281A8A /* Model */,
				DFD1564922ABD17800281A8A /* ViewModel */,
				DFD1564822ABD17100281A8A /* View */,
				DFD1564722ABD16700281A8A /* Support */,
				DF77A33122ABD09E0051B05C /* Preview Content */,
			);
			path = Obedar;
			sourceTree = "<group>";
		};
		DF77A33122ABD09E0051B05C /* Preview Content */ = {
			isa = PBXGroup;
			children = (
				DF77A33222ABD09E0051B05C /* Preview Assets.xcassets */,
			);
			path = "Preview Content";
			sourceTree = "<group>";
		};
		DFD1564722ABD16700281A8A /* Support */ = {
			isa = PBXGroup;
			children = (
				DFD1565022ABD1BD00281A8A /* Constants.swift */,
				DFD1565122ABD1BD00281A8A /* Extensions.swift */,
				DF77A32922ABD09D0051B05C /* AppDelegate.swift */,
				DF77A32B22ABD09D0051B05C /* SceneDelegate.swift */,
				DF77A32F22ABD09E0051B05C /* Assets.xcassets */,
				DF77A33422ABD09E0051B05C /* LaunchScreen.storyboard */,
			);
			path = Support;
			sourceTree = "<group>";
		};
		DFD1564822ABD17100281A8A /* View */ = {
			isa = PBXGroup;
			children = (
				DFD1564522ABD14C00281A8A /* RestaurantsView.swift */,
				DF38829722ABDB5D00119CC2 /* RootView.swift */,
				DF38829922ABDBC800119CC2 /* RestaurantDetailView.swift */,
				DF38829B22ABDF3600119CC2 /* RestaurantRow.swift */,
			);
			path = View;
			sourceTree = "<group>";
		};
		DFD1564922ABD17800281A8A /* ViewModel */ = {
			isa = PBXGroup;
			children = (
				DFD1564A22ABD18600281A8A /* RestaurantsViewModel.swift */,
			);
			path = ViewModel;
			sourceTree = "<group>";
		};
		DFD1564C22ABD18A00281A8A /* Model */ = {
			isa = PBXGroup;
			children = (
				DFD1565722ABD1C700281A8A /* MealTO.swift */,
				DFD1565522ABD1C600281A8A /* MenuTO.swift */,
				DFD1565622ABD1C600281A8A /* RestaurantTO.swift */,
				DFD1565422ABD1C600281A8A /* SoupTO.swift */,
			);
			path = Model;
			sourceTree = "<group>";
		};
		DFD1564D22ABD18F00281A8A /* Networking */ = {
			isa = PBXGroup;
			children = (
				DFD1564E22ABD1A800281A8A /* Networking.swift */,
			);
			path = Networking;
			sourceTree = "<group>";
		};
/* End PBXGroup section */

/* Begin PBXNativeTarget section */
		DF77A32522ABD09D0051B05C /* Obedar */ = {
			isa = PBXNativeTarget;
			buildConfigurationList = DF77A33A22ABD09E0051B05C /* Build configuration list for PBXNativeTarget "Obedar" */;
			buildPhases = (
				DF77A32222ABD09D0051B05C /* Sources */,
				DF77A32322ABD09D0051B05C /* Frameworks */,
				DF77A32422ABD09D0051B05C /* Resources */,
			);
			buildRules = (
			);
			dependencies = (
			);
			name = Obedar;
			packageProductDependencies = (
				DFD1564322ABD12900281A8A /* SwiftyJSON */,
			);
			productName = obedar;
			productReference = DF77A32622ABD09D0051B05C /* Obedar.app */;
			productType = "com.apple.product-type.application";
		};
/* End PBXNativeTarget section */

/* Begin PBXProject section */
		DF77A31E22ABD09D0051B05C /* Project object */ = {
			isa = PBXProject;
			attributes = {
				LastSwiftUpdateCheck = 1100;
				LastUpgradeCheck = 1100;
				ORGANIZATIONNAME = "Marek Pridal";
				TargetAttributes = {
					DF77A32522ABD09D0051B05C = {
						CreatedOnToolsVersion = 11.0;
					};
				};
			};
			buildConfigurationList = DF77A32122ABD09D0051B05C /* Build configuration list for PBXProject "Obedar" */;
			compatibilityVersion = "Xcode 9.3";
			developmentRegion = en;
			hasScannedForEncodings = 0;
			knownRegions = (
				en,
				Base,
			);
			mainGroup = DF77A31D22ABD09D0051B05C;
			packageReferences = (
				DFD1564222ABD12900281A8A /* XCRemoteSwiftPackageReference "SwiftyJSON" */,
			);
			productRefGroup = DF77A32722ABD09D0051B05C /* Products */;
			projectDirPath = "";
			projectRoot = "";
			targets = (
				DF77A32522ABD09D0051B05C /* Obedar */,
			);
		};
/* End PBXProject section */

/* Begin PBXResourcesBuildPhase section */
		DF77A32422ABD09D0051B05C /* Resources */ = {
			isa = PBXResourcesBuildPhase;
			buildActionMask = 2147483647;
			files = (
				DF77A33622ABD09E0051B05C /* LaunchScreen.storyboard in Resources */,
				DF77A33322ABD09E0051B05C /* Preview Assets.xcassets in Resources */,
				DF77A33022ABD09E0051B05C /* Assets.xcassets in Resources */,
			);
			runOnlyForDeploymentPostprocessing = 0;
		};
/* End PBXResourcesBuildPhase section */

/* Begin PBXSourcesBuildPhase section */
		DF77A32222ABD09D0051B05C /* Sources */ = {
			isa = PBXSourcesBuildPhase;
			buildActionMask = 2147483647;
			files = (
				DF77A32A22ABD09D0051B05C /* AppDelegate.swift in Sources */,
				DFD1565B22ABD1C700281A8A /* MealTO.swift in Sources */,
				DFD1565822ABD1C700281A8A /* SoupTO.swift in Sources */,
				DF38829A22ABDBC800119CC2 /* RestaurantDetailView.swift in Sources */,
				DFD1564F22ABD1A800281A8A /* Networking.swift in Sources */,
				DF38829C22ABDF3600119CC2 /* RestaurantRow.swift in Sources */,
				DFD1564B22ABD18600281A8A /* RestaurantsViewModel.swift in Sources */,
				DFD1564622ABD14C00281A8A /* RestaurantsView.swift in Sources */,
				DFD1565922ABD1C700281A8A /* MenuTO.swift in Sources */,
				DF77A32C22ABD09D0051B05C /* SceneDelegate.swift in Sources */,
				DF38829822ABDB5D00119CC2 /* RootView.swift in Sources */,
				DFD1565222ABD1BE00281A8A /* Constants.swift in Sources */,
				DFD1565322ABD1BE00281A8A /* Extensions.swift in Sources */,
				DFD1565A22ABD1C700281A8A /* RestaurantTO.swift in Sources */,
			);
			runOnlyForDeploymentPostprocessing = 0;
		};
/* End PBXSourcesBuildPhase section */

/* Begin PBXVariantGroup section */
		DF77A33422ABD09E0051B05C /* LaunchScreen.storyboard */ = {
			isa = PBXVariantGroup;
			children = (
				DF77A33522ABD09E0051B05C /* Base */,
			);
			name = LaunchScreen.storyboard;
			sourceTree = "<group>";
		};
/* End PBXVariantGroup section */

/* Begin XCBuildConfiguration section */
		DF77A33822ABD09E0051B05C /* Debug */ = {
			isa = XCBuildConfiguration;
			buildSettings = {
				ALWAYS_SEARCH_USER_PATHS = NO;
				CLANG_ANALYZER_NONNULL = YES;
				CLANG_ANALYZER_NUMBER_OBJECT_CONVERSION = YES_AGGRESSIVE;
				CLANG_CXX_LANGUAGE_STANDARD = "gnu++14";
				CLANG_CXX_LIBRARY = "libc++";
				CLANG_ENABLE_MODULES = YES;
				CLANG_ENABLE_OBJC_ARC = YES;
				CLANG_ENABLE_OBJC_WEAK = YES;
				CLANG_WARN_BLOCK_CAPTURE_AUTORELEASING = YES;
				CLANG_WARN_BOOL_CONVERSION = YES;
				CLANG_WARN_COMMA = YES;
				CLANG_WARN_CONSTANT_CONVERSION = YES;
				CLANG_WARN_DEPRECATED_OBJC_IMPLEMENTATIONS = YES;
				CLANG_WARN_DIRECT_OBJC_ISA_USAGE = YES_ERROR;
				CLANG_WARN_DOCUMENTATION_COMMENTS = YES;
				CLANG_WARN_EMPTY_BODY = YES;
				CLANG_WARN_ENUM_CONVERSION = YES;
				CLANG_WARN_INFINITE_RECURSION = YES;
				CLANG_WARN_INT_CONVERSION = YES;
				CLANG_WARN_NON_LITERAL_NULL_CONVERSION = YES;
				CLANG_WARN_OBJC_IMPLICIT_RETAIN_SELF = YES;
				CLANG_WARN_OBJC_LITERAL_CONVERSION = YES;
				CLANG_WARN_OBJC_ROOT_CLASS = YES_ERROR;
				CLANG_WARN_RANGE_LOOP_ANALYSIS = YES;
				CLANG_WARN_STRICT_PROTOTYPES = YES;
				CLANG_WARN_SUSPICIOUS_MOVE = YES;
				CLANG_WARN_UNGUARDED_AVAILABILITY = YES_AGGRESSIVE;
				CLANG_WARN_UNREACHABLE_CODE = YES;
				CLANG_WARN__DUPLICATE_METHOD_MATCH = YES;
				COPY_PHASE_STRIP = NO;
				DEBUG_INFORMATION_FORMAT = dwarf;
				ENABLE_STRICT_OBJC_MSGSEND = YES;
				ENABLE_TESTABILITY = YES;
				GCC_C_LANGUAGE_STANDARD = gnu11;
				GCC_DYNAMIC_NO_PIC = NO;
				GCC_NO_COMMON_BLOCKS = YES;
				GCC_OPTIMIZATION_LEVEL = 0;
				GCC_PREPROCESSOR_DEFINITIONS = (
					"DEBUG=1",
					"$(inherited)",
				);
				GCC_WARN_64_TO_32_BIT_CONVERSION = YES;
				GCC_WARN_ABOUT_RETURN_TYPE = YES_ERROR;
				GCC_WARN_UNDECLARED_SELECTOR = YES;
				GCC_WARN_UNINITIALIZED_AUTOS = YES_AGGRESSIVE;
				GCC_WARN_UNUSED_FUNCTION = YES;
				GCC_WARN_UNUSED_VARIABLE = YES;
				IPHONEOS_DEPLOYMENT_TARGET = 13.0;
				MTL_ENABLE_DEBUG_INFO = INCLUDE_SOURCE;
				MTL_FAST_MATH = YES;
				ONLY_ACTIVE_ARCH = YES;
				SDKROOT = iphoneos;
				SWIFT_ACTIVE_COMPILATION_CONDITIONS = DEBUG;
				SWIFT_OPTIMIZATION_LEVEL = "-Onone";
			};
			name = Debug;
		};
		DF77A33922ABD09E0051B05C /* Release */ = {
			isa = XCBuildConfiguration;
			buildSettings = {
				ALWAYS_SEARCH_USER_PATHS = NO;
				CLANG_ANALYZER_NONNULL = YES;
				CLANG_ANALYZER_NUMBER_OBJECT_CONVERSION = YES_AGGRESSIVE;
				CLANG_CXX_LANGUAGE_STANDARD = "gnu++14";
				CLANG_CXX_LIBRARY = "libc++";
				CLANG_ENABLE_MODULES = YES;
				CLANG_ENABLE_OBJC_ARC = YES;
				CLANG_ENABLE_OBJC_WEAK = YES;
				CLANG_WARN_BLOCK_CAPTURE_AUTORELEASING = YES;
				CLANG_WARN_BOOL_CONVERSION = YES;
				CLANG_WARN_COMMA = YES;
				CLANG_WARN_CONSTANT_CONVERSION = YES;
				CLANG_WARN_DEPRECATED_OBJC_IMPLEMENTATIONS = YES;
				CLANG_WARN_DIRECT_OBJC_ISA_USAGE = YES_ERROR;
				CLANG_WARN_DOCUMENTATION_COMMENTS = YES;
				CLANG_WARN_EMPTY_BODY = YES;
				CLANG_WARN_ENUM_CONVERSION = YES;
				CLANG_WARN_INFINITE_RECURSION = YES;
				CLANG_WARN_INT_CONVERSION = YES;
				CLANG_WARN_NON_LITERAL_NULL_CONVERSION = YES;
				CLANG_WARN_OBJC_IMPLICIT_RETAIN_SELF = YES;
				CLANG_WARN_OBJC_LITERAL_CONVERSION = YES;
				CLANG_WARN_OBJC_ROOT_CLASS = YES_ERROR;
				CLANG_WARN_RANGE_LOOP_ANALYSIS = YES;
				CLANG_WARN_STRICT_PROTOTYPES = YES;
				CLANG_WARN_SUSPICIOUS_MOVE = YES;
				CLANG_WARN_UNGUARDED_AVAILABILITY = YES_AGGRESSIVE;
				CLANG_WARN_UNREACHABLE_CODE = YES;
				CLANG_WARN__DUPLICATE_METHOD_MATCH = YES;
				COPY_PHASE_STRIP = NO;
				DEBUG_INFORMATION_FORMAT = "dwarf-with-dsym";
				ENABLE_NS_ASSERTIONS = NO;
				ENABLE_STRICT_OBJC_MSGSEND = YES;
				GCC_C_LANGUAGE_STANDARD = gnu11;
				GCC_NO_COMMON_BLOCKS = YES;
				GCC_WARN_64_TO_32_BIT_CONVERSION = YES;
				GCC_WARN_ABOUT_RETURN_TYPE = YES_ERROR;
				GCC_WARN_UNDECLARED_SELECTOR = YES;
				GCC_WARN_UNINITIALIZED_AUTOS = YES_AGGRESSIVE;
				GCC_WARN_UNUSED_FUNCTION = YES;
				GCC_WARN_UNUSED_VARIABLE = YES;
				IPHONEOS_DEPLOYMENT_TARGET = 13.0;
				MTL_ENABLE_DEBUG_INFO = NO;
				MTL_FAST_MATH = YES;
				SDKROOT = iphoneos;
				SWIFT_COMPILATION_MODE = wholemodule;
				SWIFT_OPTIMIZATION_LEVEL = "-O";
				VALIDATE_PRODUCT = YES;
			};
			name = Release;
		};
		DF77A33B22ABD09E0051B05C /* Debug */ = {
			isa = XCBuildConfiguration;
			buildSettings = {
				ASSETCATALOG_COMPILER_APPICON_NAME = AppIcon;
				CODE_SIGN_STYLE = Automatic;
				DEVELOPMENT_ASSET_PATHS = "obedar/Preview\\ Content";
				DEVELOPMENT_TEAM = JV7TARSQ32;
				ENABLE_PREVIEWS = YES;
				INFOPLIST_FILE = obedar/Info.plist;
				LD_RUNPATH_SEARCH_PATHS = (
					"$(inherited)",
					"@executable_path/Frameworks",
				);
				PRODUCT_BUNDLE_IDENTIFIER = com.marekpridal.obedar;
				PRODUCT_NAME = "$(TARGET_NAME)";
				SWIFT_VERSION = 5.0;
				TARGETED_DEVICE_FAMILY = "1,2";
			};
			name = Debug;
		};
		DF77A33C22ABD09E0051B05C /* Release */ = {
			isa = XCBuildConfiguration;
			buildSettings = {
				ASSETCATALOG_COMPILER_APPICON_NAME = AppIcon;
				CODE_SIGN_STYLE = Automatic;
				DEVELOPMENT_ASSET_PATHS = "obedar/Preview\\ Content";
				DEVELOPMENT_TEAM = JV7TARSQ32;
				ENABLE_PREVIEWS = YES;
				INFOPLIST_FILE = obedar/Info.plist;
				LD_RUNPATH_SEARCH_PATHS = (
					"$(inherited)",
					"@executable_path/Frameworks",
				);
				PRODUCT_BUNDLE_IDENTIFIER = com.marekpridal.obedar;
				PRODUCT_NAME = "$(TARGET_NAME)";
				SWIFT_VERSION = 5.0;
				TARGETED_DEVICE_FAMILY = "1,2";
			};
			name = Release;
		};
/* End XCBuildConfiguration section */

/* Begin XCConfigurationList section */
		DF77A32122ABD09D0051B05C /* Build configuration list for PBXProject "Obedar" */ = {
			isa = XCConfigurationList;
			buildConfigurations = (
				DF77A33822ABD09E0051B05C /* Debug */,
				DF77A33922ABD09E0051B05C /* Release */,
			);
			defaultConfigurationIsVisible = 0;
			defaultConfigurationName = Release;
		};
		DF77A33A22ABD09E0051B05C /* Build configuration list for PBXNativeTarget "Obedar" */ = {
			isa = XCConfigurationList;
			buildConfigurations = (
				DF77A33B22ABD09E0051B05C /* Debug */,
				DF77A33C22ABD09E0051B05C /* Release */,
			);
			defaultConfigurationIsVisible = 0;
			defaultConfigurationName = Release;
		};
/* End XCConfigurationList section */

/* Begin XCRemoteSwiftPackageReference section */
		DFD1564222ABD12900281A8A /* XCRemoteSwiftPackageReference "SwiftyJSON" */ = {
			isa = XCRemoteSwiftPackageReference;
			repositoryURL = "git@github.com:SwiftyJSON/SwiftyJSON.git";
			requirement = {
				kind = upToNextMajorVersion;
				minimumVersion = 5.0.0;
			};
		};
/* End XCRemoteSwiftPackageReference section */

/* Begin XCSwiftPackageProductDependency section */
		DFD1564322ABD12900281A8A /* SwiftyJSON */ = {
			isa = XCSwiftPackageProductDependency;
			package = DFD1564222ABD12900281A8A /* XCRemoteSwiftPackageReference "SwiftyJSON" */;
			productName = SwiftyJSON;
		};
/* End XCSwiftPackageProductDependency section */
	};
	rootObject = DF77A31E22ABD09D0051B05C /* Project object */;
}
